
Microsoft Visual Studio Solution File, Format Version 12.00
# Visual Studio 15
VisualStudioVersion = 15.0.28010.2041
MinimumVisualStudioVersion = 10.0.40219.1
Project("{8BC9CEB8-8B4A-11D0-8D11-00A0C91BC942}") = "WinApi", "..\..\..\..\..\stažené soubory\WinApi\WinApi\WinApi.vcxproj", "{CE542F47-6FA7-4E05-AD42-244A917B5D2B}"
EndProject
Global
	GlobalSection(SolutionConfigurationPlatforms) = preSolution
		Debug|x86 = Debug|x86
		Release|x86 = Release|x86
	EndGlobalSection
	GlobalSection(ProjectConfigurationPlatforms) = postSolution
		{CE542F47-6FA7-4E05-AD42-244A917B5D2B}.Debug|x86.ActiveCfg = Debug|Win32
		{CE542F47-6FA7-4E05-AD42-244A917B5D2B}.Debug|x86.Build.0 = Debug|Win32
		{CE542F47-6FA7-4E05-AD42-244A917B5D2B}.Release|x86.ActiveCfg = Release|Win32
		{CE542F47-6FA7-4E05-AD42-244A917B5D2B}.Release|x86.Build.0 = Release|Win32
	EndGlobalSection
	GlobalSection(SolutionProperties) = preSolution
		HideSolutionNode = FALSE
	EndGlobalSection
	GlobalSection(ExtensibilityGlobals) = postSolution
		SolutionGuid = {22F84A87-AA53-4B7B-A5EA-E67EBFE837D7}
	EndGlobalSection
EndGlobal
